{
  "schema_version": 2,
  "state": "prepared",
  "pulp_repository": "Generous-Corp/pulp",
  "pulp_extraction_base": "2ccff748f0d59da34b01ce1fbceabcf19f452731",
  "vellum_repository": "Generous-Corp/vellum",
  "vellum_history_seed": "e4f8c96fcfd19bac433252c36fdf5bfa681e6d25",
  "vellum_authority_start_commit": null,
  "vellum_authority_record_commit": null,
  "pulp_activation_commit": null,
  "ownership_schema_version": 1,
  "event_schema_version": 1,
  "cursor_schema_version": 2,
  "source_projection": "../cut-manifest.json",
  "transfer_plan": "../authority/transfer-plan.v1.json",
  "policy": {
    "synchronized_editable_copies_allowed": false,
    "automatic_patch_application_allowed": false,
    "one_active_authority_required": true
  }
}
